# THIS IS AN AUTOGENERATED FILE. DO NOT EDIT THIS FILE DIRECTLY.
# yarn lockfile v1


"@date-io/core@^2.11.0":
  version "2.11.0"
  resolved "https://registry.yarnpkg.com/@date-io/core/-/core-2.11.0.tgz#28580cda1c8228ab2c7ed6aee673ef0495f913e6"
  integrity sha512-DvPBnNoeuLaoSJZaxgpu54qzRhRKjSYVyQjhznTFrllKuDpm0sDFjHo6lvNLCM/cfMx2gb2PM2zY2kc9C8nmuw==

"@date-io/date-fns@^2.11.0":
  version "2.11.0"
  resolved "https://registry.yarnpkg.com/@date-io/date-fns/-/date-fns-2.11.0.tgz#142fbf954eda7ad66514af7a2802d78c4ea40053"
  integrity sha512-mPQ71plBeFrArvBSHtjWMHXA89IUbZ6kuo2dsjlRC/1uNOybo91spIb+wTu03NxKTl8ut07s0jJ9svF71afpRg==
  dependencies:
    "@date-io/core" "^2.11.0"

"@date-io/dayjs@^2.11.0":
  version "2.11.0"
  resolved "https://registry.yarnpkg.com/@date-io/dayjs/-/dayjs-2.11.0.tgz#41f4b4b9629612e6012accffd848875d1aeffb74"
  integrity sha512-w67vRK56NZJIKhJM/CrNbfnIcuMvR3ApfxzNZiCZ5w29sxgBDeKuX4M+P7A9r5HXOMGcsOcpgaoTDINNGkdpGQ==
  dependencies:
    "@date-io/core" "^2.11.0"

"@date-io/luxon@^2.11.1":
  version "2.11.1"
  resolved "https://registry.yarnpkg.com/@date-io/luxon/-/luxon-2.11.1.tgz#31a72f7b5e163c74e8a3b29d8f16c4c30de6ed43"
  integrity sha512-JUXo01kdPQxLORxqdENrgdUhooKgDUggsNRSdi2BcUhASIY2KGwwWXu8ikVHHGkw+DUF4FOEKGfkQd0RHSvX6g==
  dependencies:
    "@date-io/core" "^2.11.0"

"@date-io/moment@^2.11.0":
  version "2.11.0"
  resolved "https://registry.yarnpkg.com/@date-io/moment/-/moment-2.11.0.tgz#850f8dd090d401845b39276d034dbabe20224ef5"
  integrity sha512-QSL+83qezQ9Ty0dtFgAkk6eC0GMl/lgYfDajeVUDB3zVA2A038hzczRLBg29ifnBGhQMPABxuOafgWwhDjlarg==
  dependencies:
    "@date-io/core" "^2.11.0"

chart.js@^3.6.0:
  version "3.6.0"
  resolved "https://registry.yarnpkg.com/chart.js/-/chart.js-3.6.0.tgz#a87fce8431d4e7c5523d721f487f53aada1e42fe"
  integrity sha512-iOzzDKePL+bj+ccIsVAgWQehCXv8xOKGbaU2fO/myivH736zcx535PGJzQGanvcSGVOqX6yuLZsN3ygcQ35UgQ==

react-chartjs-2@^3.3.0:
  version "3.3.0"
  resolved "https://registry.yarnpkg.com/react-chartjs-2/-/react-chartjs-2-3.3.0.tgz#3f62681645acccc1ab27a9186c70f79d6d417f73"
  integrity sha512-4Mt0SR2aiUbWi/4762odRBYSnbNKSs4HWc0o3IW43py5bMfmfpeZU95w6mbvtuLZH/M3GsPJMU8DvDc+5U9blQ==
